
Microsoft Visual Studio Solution File, Format Version 12.00
# Visual Studio Version 17
VisualStudioVersion = 17.7.34031.279
MinimumVisualStudioVersion = 10.0.40219.1
Project("{FAE04EC0-301F-11D3-BF4B-00C04F79EFBC}") = "alpharepo", "alpharepo\alpharepo.csproj", "{8BD86B64-7CFA-4718-9ACB-358AD764CE7A}"
EndProject
Global
	GlobalSection(SolutionConfigurationPlatforms) = preSolution
		Debug|Any CPU = Debug|Any CPU
		Release|Any CPU = Release|Any CPU
	EndGlobalSection
	GlobalSection(ProjectConfigurationPlatforms) = postSolution
		{8BD86B64-7CFA-4718-9ACB-358AD764CE7A}.Debug|Any CPU.ActiveCfg = Debug|Any CPU
		{8BD86B64-7CFA-4718-9ACB-358AD764CE7A}.Debug|Any CPU.Build.0 = Debug|Any CPU
		{8BD86B64-7CFA-4718-9ACB-358AD764CE7A}.Release|Any CPU.ActiveCfg = Release|Any CPU
		{8BD86B64-7CFA-4718-9ACB-358AD764CE7A}.Release|Any CPU.Build.0 = Release|Any CPU
	EndGlobalSection
	GlobalSection(SolutionProperties) = preSolution
		HideSolutionNode = FALSE
	EndGlobalSection
	GlobalSection(ExtensibilityGlobals) = postSolution
		SolutionGuid = {7C161338-20B4-422C-B9E0-D2B00BAA760F}
	EndGlobalSection
EndGlobal
